
Microsoft Visual Studio Solution File, Format Version 12.00
# Visual Studio Version 17
VisualStudioVersion = 17.2.32516.85
MinimumVisualStudioVersion = 10.0.40219.1
Project("{9A19103F-16F7-4668-BE54-9A1E7A4F7556}") = "WebApi", "CSharpInWeb3SmartContracts\WebApi.csproj", "{46E1DEA5-F82E-461C-8581-2DC737262084}"
EndProject
Project("{2150E333-8FDC-42A3-9474-1A3956D46DE8}") = "Host", "Host", "{6ECB97DA-22ED-48DA-8B62-58E553E272D2}"
EndProject
Project("{2150E333-8FDC-42A3-9474-1A3956D46DE8}") = "Infra", "Infra", "{AE0B8DB3-4A74-437D-A752-D3AC3718A086}"
EndProject
Project("{9A19103F-16F7-4668-BE54-9A1E7A4F7556}") = "Infrastructure", "Infrastructure\Infrastructure.csproj", "{92C9363A-85CD-40BA-95BB-1C05BEF0A060}"
EndProject
Project("{2150E333-8FDC-42A3-9474-1A3956D46DE8}") = "Core", "Core", "{8BD8F5C8-1860-425D-874B-DB6421B875E4}"
EndProject
Project("{FAE04EC0-301F-11D3-BF4B-00C04F79EFBC}") = "Domain", "Domain\Domain.csproj", "{68D60B12-25FE-40C2-907C-70BB96E9C062}"
EndProject
Project("{FAE04EC0-301F-11D3-BF4B-00C04F79EFBC}") = "Application", "Application\Application.csproj", "{39CCE62E-1A09-42E2-ACA8-F5A5CAE3D311}"
EndProject
Global
	GlobalSection(SolutionConfigurationPlatforms) = preSolution
		Debug|Any CPU = Debug|Any CPU
		Release|Any CPU = Release|Any CPU
	EndGlobalSection
	GlobalSection(ProjectConfigurationPlatforms) = postSolution
		{46E1DEA5-F82E-461C-8581-2DC737262084}.Debug|Any CPU.ActiveCfg = Debug|Any CPU
		{46E1DEA5-F82E-461C-8581-2DC737262084}.Debug|Any CPU.Build.0 = Debug|Any CPU
		{46E1DEA5-F82E-461C-8581-2DC737262084}.Release|Any CPU.ActiveCfg = Release|Any CPU
		{46E1DEA5-F82E-461C-8581-2DC737262084}.Release|Any CPU.Build.0 = Release|Any CPU
		{92C9363A-85CD-40BA-95BB-1C05BEF0A060}.Debug|Any CPU.ActiveCfg = Debug|Any CPU
		{92C9363A-85CD-40BA-95BB-1C05BEF0A060}.Debug|Any CPU.Build.0 = Debug|Any CPU
		{92C9363A-85CD-40BA-95BB-1C05BEF0A060}.Release|Any CPU.ActiveCfg = Release|Any CPU
		{92C9363A-85CD-40BA-95BB-1C05BEF0A060}.Release|Any CPU.Build.0 = Release|Any CPU
		{68D60B12-25FE-40C2-907C-70BB96E9C062}.Debug|Any CPU.ActiveCfg = Debug|Any CPU
		{68D60B12-25FE-40C2-907C-70BB96E9C062}.Debug|Any CPU.Build.0 = Debug|Any CPU
		{68D60B12-25FE-40C2-907C-70BB96E9C062}.Release|Any CPU.ActiveCfg = Release|Any CPU
		{68D60B12-25FE-40C2-907C-70BB96E9C062}.Release|Any CPU.Build.0 = Release|Any CPU
		{39CCE62E-1A09-42E2-ACA8-F5A5CAE3D311}.Debug|Any CPU.ActiveCfg = Debug|Any CPU
		{39CCE62E-1A09-42E2-ACA8-F5A5CAE3D311}.Debug|Any CPU.Build.0 = Debug|Any CPU
		{39CCE62E-1A09-42E2-ACA8-F5A5CAE3D311}.Release|Any CPU.ActiveCfg = Release|Any CPU
		{39CCE62E-1A09-42E2-ACA8-F5A5CAE3D311}.Release|Any CPU.Build.0 = Release|Any CPU
	EndGlobalSection
	GlobalSection(SolutionProperties) = preSolution
		HideSolutionNode = FALSE
	EndGlobalSection
	GlobalSection(NestedProjects) = preSolution
		{46E1DEA5-F82E-461C-8581-2DC737262084} = {6ECB97DA-22ED-48DA-8B62-58E553E272D2}
		{92C9363A-85CD-40BA-95BB-1C05BEF0A060} = {AE0B8DB3-4A74-437D-A752-D3AC3718A086}
		{68D60B12-25FE-40C2-907C-70BB96E9C062} = {8BD8F5C8-1860-425D-874B-DB6421B875E4}
		{39CCE62E-1A09-42E2-ACA8-F5A5CAE3D311} = {8BD8F5C8-1860-425D-874B-DB6421B875E4}
	EndGlobalSection
	GlobalSection(ExtensibilityGlobals) = postSolution
		SolutionGuid = {79F38C63-6551-429A-A071-8097B5D763CC}
	EndGlobalSection
EndGlobal
