
Microsoft Visual Studio Solution File, Format Version 12.00
# Visual Studio Version 17
VisualStudioVersion = 17.2.32516.85
MinimumVisualStudioVersion = 10.0.40219.1
Project("{9A19103F-16F7-4668-BE54-9A1E7A4F7556}") = "CSharpInWeb3SmartContracts", "CSharpInWeb3SmartContracts\CSharpInWeb3SmartContracts.csproj", "{46E1DEA5-F82E-461C-8581-2DC737262084}"
EndProject
Project("{E53339B2-1760-4266-BCC7-CA923CBCF16C}") = "docker-compose", "docker-compose.dcproj", "{43BE568A-D60F-43CD-8E20-A1B920905E13}"
EndProject
Global
	GlobalSection(SolutionConfigurationPlatforms) = preSolution
		Debug|Any CPU = Debug|Any CPU
		Release|Any CPU = Release|Any CPU
	EndGlobalSection
	GlobalSection(ProjectConfigurationPlatforms) = postSolution
		{46E1DEA5-F82E-461C-8581-2DC737262084}.Debug|Any CPU.ActiveCfg = Debug|Any CPU
		{46E1DEA5-F82E-461C-8581-2DC737262084}.Debug|Any CPU.Build.0 = Debug|Any CPU
		{46E1DEA5-F82E-461C-8581-2DC737262084}.Release|Any CPU.ActiveCfg = Release|Any CPU
		{46E1DEA5-F82E-461C-8581-2DC737262084}.Release|Any CPU.Build.0 = Release|Any CPU
		{43BE568A-D60F-43CD-8E20-A1B920905E13}.Debug|Any CPU.ActiveCfg = Debug|Any CPU
		{43BE568A-D60F-43CD-8E20-A1B920905E13}.Debug|Any CPU.Build.0 = Debug|Any CPU
		{43BE568A-D60F-43CD-8E20-A1B920905E13}.Release|Any CPU.ActiveCfg = Release|Any CPU
		{43BE568A-D60F-43CD-8E20-A1B920905E13}.Release|Any CPU.Build.0 = Release|Any CPU
	EndGlobalSection
	GlobalSection(SolutionProperties) = preSolution
		HideSolutionNode = FALSE
	EndGlobalSection
	GlobalSection(ExtensibilityGlobals) = postSolution
		SolutionGuid = {79F38C63-6551-429A-A071-8097B5D763CC}
	EndGlobalSection
EndGlobal
